
Microsoft Visual Studio Solution File, Format Version 12.00
# Visual Studio Version 16
VisualStudioVersion = 16.0.30413.136
MinimumVisualStudioVersion = 10.0.40219.1
Project("{FAE04EC0-301F-11D3-BF4B-00C04F79EFBC}") = "mq_send", "mq_send\mq_send.csproj", "{B4592FDF-7CB5-4B27-BFDD-A2484CE8C6D1}"
EndProject
Project("{FAE04EC0-301F-11D3-BF4B-00C04F79EFBC}") = "mq_receive", "mq_receive\mq_receive.csproj", "{0632CD4D-BFDF-4A2D-8DA4-6C9A849697E5}"
EndProject
Global
	GlobalSection(SolutionConfigurationPlatforms) = preSolution
		Debug|Any CPU = Debug|Any CPU
		Release|Any CPU = Release|Any CPU
	EndGlobalSection
	GlobalSection(ProjectConfigurationPlatforms) = postSolution
		{B4592FDF-7CB5-4B27-BFDD-A2484CE8C6D1}.Debug|Any CPU.ActiveCfg = Debug|Any CPU
		{B4592FDF-7CB5-4B27-BFDD-A2484CE8C6D1}.Debug|Any CPU.Build.0 = Debug|Any CPU
		{B4592FDF-7CB5-4B27-BFDD-A2484CE8C6D1}.Release|Any CPU.ActiveCfg = Release|Any CPU
		{B4592FDF-7CB5-4B27-BFDD-A2484CE8C6D1}.Release|Any CPU.Build.0 = Release|Any CPU
		{0632CD4D-BFDF-4A2D-8DA4-6C9A849697E5}.Debug|Any CPU.ActiveCfg = Debug|Any CPU
		{0632CD4D-BFDF-4A2D-8DA4-6C9A849697E5}.Debug|Any CPU.Build.0 = Debug|Any CPU
		{0632CD4D-BFDF-4A2D-8DA4-6C9A849697E5}.Release|Any CPU.ActiveCfg = Release|Any CPU
		{0632CD4D-BFDF-4A2D-8DA4-6C9A849697E5}.Release|Any CPU.Build.0 = Release|Any CPU
	EndGlobalSection
	GlobalSection(SolutionProperties) = preSolution
		HideSolutionNode = FALSE
	EndGlobalSection
	GlobalSection(ExtensibilityGlobals) = postSolution
		SolutionGuid = {E9B76C5A-B9B7-4465-AEC7-8F42B02C0BFC}
	EndGlobalSection
EndGlobal
